
Microsoft Visual Studio Solution File, Format Version 12.00
# Visual Studio Version 16
VisualStudioVersion = 16.0.29709.97
MinimumVisualStudioVersion = 10.0.40219.1
Project("{8BC9CEB8-8B4A-11D0-8D11-00A0C91BC942}") = "ZGK_OSG", "ZGK_OSG\ZGK_OSG.vcxproj", "{F7CD774E-AFFB-4F6A-A8FF-12D3F9C2DAAA}"
EndProject
Global
	GlobalSection(SolutionConfigurationPlatforms) = preSolution
		Debug|x64 = Debug|x64
		Debug|x86 = Debug|x86
		Release|x64 = Release|x64
		Release|x86 = Release|x86
	EndGlobalSection
	GlobalSection(ProjectConfigurationPlatforms) = postSolution
		{F7CD774E-AFFB-4F6A-A8FF-12D3F9C2DAAA}.Debug|x64.ActiveCfg = Debug|x64
		{F7CD774E-AFFB-4F6A-A8FF-12D3F9C2DAAA}.Debug|x64.Build.0 = Debug|x64
		{F7CD774E-AFFB-4F6A-A8FF-12D3F9C2DAAA}.Debug|x86.ActiveCfg = Debug|Win32
		{F7CD774E-AFFB-4F6A-A8FF-12D3F9C2DAAA}.Debug|x86.Build.0 = Debug|Win32
		{F7CD774E-AFFB-4F6A-A8FF-12D3F9C2DAAA}.Release|x64.ActiveCfg = Release|x64
		{F7CD774E-AFFB-4F6A-A8FF-12D3F9C2DAAA}.Release|x64.Build.0 = Release|x64
		{F7CD774E-AFFB-4F6A-A8FF-12D3F9C2DAAA}.Release|x86.ActiveCfg = Release|Win32
		{F7CD774E-AFFB-4F6A-A8FF-12D3F9C2DAAA}.Release|x86.Build.0 = Release|Win32
	EndGlobalSection
	GlobalSection(SolutionProperties) = preSolution
		HideSolutionNode = FALSE
	EndGlobalSection
	GlobalSection(ExtensibilityGlobals) = postSolution
		SolutionGuid = {70DFDDF9-D5F2-4A78-9464-89218BBA11DB}
	EndGlobalSection
EndGlobal
